
Microsoft Visual Studio Solution File, Format Version 12.00
# Visual Studio Version 17
VisualStudioVersion = 17.0.32014.148
MinimumVisualStudioVersion = 10.0.40219.1
Project("{FAE04EC0-301F-11D3-BF4B-00C04F79EFBC}") = "CA220111", "CA220111.csproj", "{D79CAF7A-B945-495C-AF28-02E0421834BB}"
EndProject
Global
	GlobalSection(SolutionConfigurationPlatforms) = preSolution
		Debug|Any CPU = Debug|Any CPU
		Release|Any CPU = Release|Any CPU
	EndGlobalSection
	GlobalSection(ProjectConfigurationPlatforms) = postSolution
		{D79CAF7A-B945-495C-AF28-02E0421834BB}.Debug|Any CPU.ActiveCfg = Debug|Any CPU
		{D79CAF7A-B945-495C-AF28-02E0421834BB}.Debug|Any CPU.Build.0 = Debug|Any CPU
		{D79CAF7A-B945-495C-AF28-02E0421834BB}.Release|Any CPU.ActiveCfg = Release|Any CPU
		{D79CAF7A-B945-495C-AF28-02E0421834BB}.Release|Any CPU.Build.0 = Release|Any CPU
	EndGlobalSection
	GlobalSection(SolutionProperties) = preSolution
		HideSolutionNode = FALSE
	EndGlobalSection
	GlobalSection(ExtensibilityGlobals) = postSolution
		SolutionGuid = {D29850C1-A8AD-4C5C-B76A-302AEBB6DEDE}
	EndGlobalSection
EndGlobal
